{
  "version": 1,
  "dependencies": {
    "net10.0": {
      "coverlet.collector": {
        "type": "Direct",
        "requested": "[6.0.4, )",
        "resolved": "6.0.4",
        "contentHash": "lkhqpF8Pu2Y7IiN7OntbsTtdbpR1syMsm2F3IgX6ootA4ffRqWL5jF7XipHuZQTdVuWG/gVAAcf8mjk8Tz0xPg=="
      },
      "Microsoft.NET.Test.Sdk": {
        "type": "Direct",
        "requested": "[17.14.1, )",
        "resolved": "17.14.1",
        "contentHash": "HJKqKOE+vshXra2aEHpi2TlxYX7Z9VFYkr+E5rwEvHC8eIXiyO+K9kNm8vmNom3e2rA56WqxU+/N9NJlLGXsJQ==",
        "dependencies": {
          "Microsoft.CodeCoverage": "17.14.1",
          "Microsoft.TestPlatform.TestHost": "17.14.1"
        }
      },
      "xunit": {
        "type": "Direct",
        "requested": "[2.9.3, )",
        "resolved": "2.9.3",
        "contentHash": "TlXQBinK35LpOPKHAqbLY4xlEen9TBafjs0V5KnA4wZsoQLQJiirCR4CbIXvOH8NzkW4YeJKP5P/Bnrodm0h9Q==",
        "dependencies": {
          "xunit.analyzers": "1.18.0",
          "xunit.assert": "2.9.3",
          "xunit.core": "[2.9.3]"
        }
      },
      "xunit.runner.visualstudio": {
        "type": "Direct",
        "requested": "[3.1.4, )",
        "resolved": "3.1.4",
        "contentHash": "5mj99LvCqrq3CNi06xYdyIAXOEh+5b33F2nErCzI5zWiDdLHXiPXEWFSUAF8zlIv0ZWqjZNCwHTQeAPYbF3pCg=="
      },
      "Clojure": {
        "type": "Transitive",
        "resolved": "1.12.2",
        "contentHash": "XvUPpS902AXixh4j4kBvfqQqDx4hzZooqAKbncyAXw9newJ2t5+1/4527uLwN9aEDK76FSaDDdEvGzl9JWtCHA==",
        "dependencies": {
          "DynamicLanguageRuntime": "1.3.5",
          "System.Runtime.Serialization.Formatters": "9.0.3",
          "clojure.core.specs.alpha": "0.4.74",
          "clojure.spec.alpha": "0.5.238",
          "clojure.tools.reader": "1.5.0"
        }
      },
      "clojure.core.specs.alpha": {
        "type": "Transitive",
        "resolved": "0.4.74",
        "contentHash": "MslxwCw9Y3Tnc5i0AF1rXo1At0U6dR05fWyiSed8rZbirGgIs4anLv80pXS60Id3qO1EnZml7zAZh+eNqdtP/Q==",
        "dependencies": {
          "clojure.spec.alpha": "0.5.238"
        }
      },
      "clojure.spec.alpha": {
        "type": "Transitive",
        "resolved": "0.5.238",
        "contentHash": "ctUkI33hy/CNgu6JMWLdLLlmcWDRFM49PvsMlARPFRIgTkTVniT+m06Nn3XFT0kVh5KDRAWuTpMGdq44Et0fgg==",
        "dependencies": {
          "clojure.test.check": "1.1.2"
        }
      },
      "clojure.test.check": {
        "type": "Transitive",
        "resolved": "1.1.2",
        "contentHash": "0NR4lxVPJZKZgf01fpUV+LKEEKosTIURvg+hFNipwNtwRxKVUtWO/yaqCZHjb0mFJPsMQ4yDaejlMf6l0Lel7w=="
      },
      "clojure.tools.reader": {
        "type": "Transitive",
        "resolved": "1.5.0",
        "contentHash": "nGJ3aUGdRpx3GOMmy8ksHpzxTT2wXJUo+nzD3tJWKXjI3Sd7ufpDa5FkMmG0UqVZKwve5ijXx6oDyr+DAoE7fg=="
      },
      "DynamicLanguageRuntime": {
        "type": "Transitive",
        "resolved": "1.3.5",
        "contentHash": "HHCVAlsIe8eBuj0bxh+0zCflYPeu+WSmP5iJ2J+oqd9wa1j7kcw70hiGPxoDPSoLM/RRLGXUdvj7ISkelxLpNw==",
        "dependencies": {
          "System.CodeDom": "8.0.0"
        }
      },
      "Microsoft.Build.Locator": {
        "type": "Transitive",
        "resolved": "1.11.2",
        "contentHash": "tY+/S54G29CGsbL3slVu4vqtpciwVnb3fKOmrhgzEQmu/VziFaWmD/E1e/2KH7cDucuycGSkWsSXndBs5Uawow=="
      },
      "Microsoft.CodeCoverage": {
        "type": "Transitive",
        "resolved": "17.14.1",
        "contentHash": "pmTrhfFIoplzFVbhVwUquT+77CbGH+h4/3mBpdmIlYtBi9nAB+kKI6dN3A/nV4DFi3wLLx/BlHIPK+MkbQ6Tpg=="
      },
      "Microsoft.TestPlatform.ObjectModel": {
        "type": "Transitive",
        "resolved": "17.14.1",
        "contentHash": "xTP1W6Mi6SWmuxd3a+jj9G9UoC850WGwZUps1Wah9r1ZxgXhdJfj1QqDLJkFjHDCvN42qDL2Ps5KjQYWUU0zcQ=="
      },
      "Microsoft.TestPlatform.TestHost": {
        "type": "Transitive",
        "resolved": "17.14.1",
        "contentHash": "d78LPzGKkJwsJXAQwsbJJ7LE7D1wB+rAyhHHAaODF+RDSQ0NgMjDFkSA1Djw18VrxO76GlKAjRUhl+H8NL8Z+Q==",
        "dependencies": {
          "Microsoft.TestPlatform.ObjectModel": "17.14.1",
          "Newtonsoft.Json": "13.0.3"
        }
      },
      "Microsoft.VisualStudio.SolutionPersistence": {
        "type": "Transitive",
        "resolved": "1.0.52",
        "contentHash": "oNv2JtYXhpdJrX63nibx1JT3uCESOBQ1LAk7Dtz/sr0+laW0KRM6eKp4CZ3MHDR2siIkKsY8MmUkeP5DKkQQ5w=="
      },
      "Newtonsoft.Json": {
        "type": "Transitive",
        "resolved": "13.0.3",
        "contentHash": "HrC5BXdl00IP9zeV+0Z848QWPAoCr9P3bDEZguI+gkLcBKAOxix/tLEAAHC+UvDNPv4a2d18lOReHMOagPa+zQ=="
      },
      "System.CodeDom": {
        "type": "Transitive",
        "resolved": "8.0.0",
        "contentHash": "WTlRjL6KWIMr/pAaq3rYqh0TJlzpouaQ/W1eelssHgtlwHAH25jXTkUphTYx9HaIIf7XA6qs/0+YhtLEQRkJ+Q=="
      },
      "System.Runtime.Serialization.Formatters": {
        "type": "Transitive",
        "resolved": "9.0.3",
        "contentHash": "SxDMhFgwaxDlDRf/YKibLXCrf2bBururwUahiZiFrdZIiBe0rG40AA/Mu0Z1tTltT3jDv13A0HOpiiBlr5jbqQ=="
      },
      "xunit.abstractions": {
        "type": "Transitive",
        "resolved": "2.0.3",
        "contentHash": "pot1I4YOxlWjIb5jmwvvQNbTrZ3lJQ+jUGkGjWE3hEFM0l5gOnBWS+H3qsex68s5cO52g+44vpGzhAt+42vwKg=="
      },
      "xunit.analyzers": {
        "type": "Transitive",
        "resolved": "1.18.0",
        "contentHash": "OtFMHN8yqIcYP9wcVIgJrq01AfTxijjAqVDy/WeQVSyrDC1RzBWeQPztL49DN2syXRah8TYnfvk035s7L95EZQ=="
      },
      "xunit.assert": {
        "type": "Transitive",
        "resolved": "2.9.3",
        "contentHash": "/Kq28fCE7MjOV42YLVRAJzRF0WmEqsmflm0cfpMjGtzQ2lR5mYVj1/i0Y8uDAOLczkL3/jArrwehfMD0YogMAA=="
      },
      "xunit.core": {
        "type": "Transitive",
        "resolved": "2.9.3",
        "contentHash": "BiAEvqGvyme19wE0wTKdADH+NloYqikiU0mcnmiNyXaF9HyHmE6sr/3DC5vnBkgsWaE6yPyWszKSPSApWdRVeQ==",
        "dependencies": {
          "xunit.extensibility.core": "[2.9.3]",
          "xunit.extensibility.execution": "[2.9.3]"
        }
      },
      "xunit.extensibility.core": {
        "type": "Transitive",
        "resolved": "2.9.3",
        "contentHash": "kf3si0YTn2a8J8eZNb+zFpwfoyvIrQ7ivNk5ZYA5yuYk1bEtMe4DxJ2CF/qsRgmEnDr7MnW1mxylBaHTZ4qErA==",
        "dependencies": {
          "xunit.abstractions": "2.0.3"
        }
      },
      "xunit.extensibility.execution": {
        "type": "Transitive",
        "resolved": "2.9.3",
        "contentHash": "yMb6vMESlSrE3Wfj7V6cjQ3S4TXdXpRqYeNEI3zsX31uTsGMJjEw6oD5F5u1cHnMptjhEECnmZSsPxB6ChZHDQ==",
        "dependencies": {
          "xunit.extensibility.core": "[2.9.3]"
        }
      },
      "titi": {
        "type": "Project",
        "dependencies": {
          "Clojure": "[1.12.2, )",
          "Microsoft.Build.Locator": "[1.11.2, )",
          "Microsoft.VisualStudio.SolutionPersistence": "[1.0.52, )"
        }
      }
    }
  }
}
