{
  "version": 1,
  "dependencies": {
    "net10.0": {
      "Microsoft.Build": {
        "type": "Direct",
        "requested": "[18.8.2, )",
        "resolved": "18.8.2",
        "contentHash": "o30Qy4z+5KbJgHo+nmOt4sqrnIvb3BQlpEtE+Izlfk9eQKvppwHZGfQ1JUmFfkdcVpqZkgbqCPnqIkI/98dcIA==",
        "dependencies": {
          "Microsoft.Build.Framework": "18.8.2",
          "System.Configuration.ConfigurationManager": "10.0.4",
          "System.Diagnostics.EventLog": "10.0.4",
          "System.Reflection.MetadataLoadContext": "10.0.4",
          "System.Security.Cryptography.ProtectedData": "10.0.4"
        }
      },
      "Microsoft.Build.Framework": {
        "type": "Direct",
        "requested": "[18.8.2, )",
        "resolved": "18.8.2",
        "contentHash": "0rH2AaR+TyRhISTU3DEW1pskvOCrBa3QlHnItRqtBTExfCi14CxYNL3/COXxCfd+H40h2WB3XOYSYUlF5IFIwA==",
        "dependencies": {
          "Microsoft.NET.StringTools": "18.8.2"
        }
      },
      "Microsoft.Build.Locator": {
        "type": "Direct",
        "requested": "[1.11.2, )",
        "resolved": "1.11.2",
        "contentHash": "tY+/S54G29CGsbL3slVu4vqtpciwVnb3fKOmrhgzEQmu/VziFaWmD/E1e/2KH7cDucuycGSkWsSXndBs5Uawow=="
      },
      "Microsoft.DotNet.ILCompiler": {
        "type": "Direct",
        "requested": "[10.0.10, )",
        "resolved": "10.0.10",
        "contentHash": "KJQz6JT6pLarTlNvBrlzutaEiG9ZNJHQKN6QMWXKyTjKYQaJAfYypX6VyO0TfMNCFCUTv0zeD6P/UQ17mL6hjw=="
      },
      "Microsoft.NET.ILLink.Tasks": {
        "type": "Direct",
        "requested": "[10.0.10, )",
        "resolved": "10.0.10",
        "contentHash": "7F8LiRTi6o/mMDa8yd3KDNmGM/+W8K7H4qVHxM52Vr10tkXdwXT8rJ2xLBELDk1vIJTZhEAWYhpMJ9YvhXiqBA=="
      },
      "Microsoft.VisualStudio.SolutionPersistence": {
        "type": "Direct",
        "requested": "[1.0.52, )",
        "resolved": "1.0.52",
        "contentHash": "oNv2JtYXhpdJrX63nibx1JT3uCESOBQ1LAk7Dtz/sr0+laW0KRM6eKp4CZ3MHDR2siIkKsY8MmUkeP5DKkQQ5w=="
      },
      "Microsoft.NET.StringTools": {
        "type": "Transitive",
        "resolved": "18.8.2",
        "contentHash": "TWyg687GoiC9dhj85CagUfYFKYtxRX2jv5raO+zolLVmvKIS1k5WXYh8IMvyiPP5f9r9/snpmTZioyCO5zh+ww=="
      },
      "System.Configuration.ConfigurationManager": {
        "type": "Transitive",
        "resolved": "10.0.4",
        "contentHash": "4u3HLMYQqnTIF26VUiKhSuXtjFIvEfnwK9ZBUa4bXEc1koQCCkZx6ss5urKjqqimJMtuPHDKPHDchxkgoDNhjQ==",
        "dependencies": {
          "System.Diagnostics.EventLog": "10.0.4",
          "System.Security.Cryptography.ProtectedData": "10.0.4"
        }
      },
      "System.Diagnostics.EventLog": {
        "type": "Transitive",
        "resolved": "10.0.4",
        "contentHash": "xXo5NcIPeMUMfpo9Efl/3Rgomjb/Jfa3Aa0BgSfqYctN4YpwjPzvIrnD9JTwoKqe3pFtLF9vmtMl892+wwZ6EA=="
      },
      "System.Reflection.MetadataLoadContext": {
        "type": "Transitive",
        "resolved": "10.0.4",
        "contentHash": "kVaDOAIi02+yd7AZFNpZ88UZcBESiDI1Ib9l592QvZCYUA/xJloAucRAbyEnuOB+ubrpITGb8cMa3g8NhwLUIA=="
      },
      "System.Security.Cryptography.ProtectedData": {
        "type": "Transitive",
        "resolved": "10.0.4",
        "contentHash": "LmDnaYkcWkZSlZ07L7YcB6bH8sCiBZ7j28kPbYiXdF6f0iUiN7rxsRORlZGdj5saN/wZIqvF7lDBn/cpjU+e2g=="
      }
    }
  }
}